
Microsoft Visual Studio Solution File, Format Version 12.00
# Visual Studio Version 16
VisualStudioVersion = 16.0.29613.14
MinimumVisualStudioVersion = 10.0.40219.1
Project("{9A19103F-16F7-4668-BE54-9A1E7A4F7556}") = "WebApi", "WebApi\WebApi.csproj", "{DDEC6285-7D9F-4D93-B5F1-5400C312F506}"
EndProject
Project("{FAE04EC0-301F-11D3-BF4B-00C04F79EFBC}") = "WebApi.Shared", "WebApi.Shared\WebApi.Shared.csproj", "{B651A8A0-0B2B-4F36-A2F7-7569970522C9}"
EndProject
Global
	GlobalSection(SolutionConfigurationPlatforms) = preSolution
		Debug|Any CPU = Debug|Any CPU
		Release|Any CPU = Release|Any CPU
	EndGlobalSection
	GlobalSection(ProjectConfigurationPlatforms) = postSolution
		{DDEC6285-7D9F-4D93-B5F1-5400C312F506}.Debug|Any CPU.ActiveCfg = Debug|Any CPU
		{DDEC6285-7D9F-4D93-B5F1-5400C312F506}.Debug|Any CPU.Build.0 = Debug|Any CPU
		{DDEC6285-7D9F-4D93-B5F1-5400C312F506}.Release|Any CPU.ActiveCfg = Release|Any CPU
		{DDEC6285-7D9F-4D93-B5F1-5400C312F506}.Release|Any CPU.Build.0 = Release|Any CPU
		{B651A8A0-0B2B-4F36-A2F7-7569970522C9}.Debug|Any CPU.ActiveCfg = Debug|Any CPU
		{B651A8A0-0B2B-4F36-A2F7-7569970522C9}.Debug|Any CPU.Build.0 = Debug|Any CPU
		{B651A8A0-0B2B-4F36-A2F7-7569970522C9}.Release|Any CPU.ActiveCfg = Release|Any CPU
		{B651A8A0-0B2B-4F36-A2F7-7569970522C9}.Release|Any CPU.Build.0 = Release|Any CPU
	EndGlobalSection
	GlobalSection(SolutionProperties) = preSolution
		HideSolutionNode = FALSE
	EndGlobalSection
	GlobalSection(ExtensibilityGlobals) = postSolution
		SolutionGuid = {0755DEB2-97DB-4145-84AB-28A090DC8C75}
	EndGlobalSection
EndGlobal
